
Microsoft Visual Studio Solution File, Format Version 12.00
# Visual Studio Version 17
VisualStudioVersion = 17.7.34031.279
MinimumVisualStudioVersion = 10.0.40219.1
Project("{FAE04EC0-301F-11D3-BF4B-00C04F79EFBC}") = "RPG", "RPG.csproj", "{28A4154F-46BD-4E5A-9BE5-2249EFB32EAA}"
EndProject
Global
	GlobalSection(SolutionConfigurationPlatforms) = preSolution
		Debug|Any CPU = Debug|Any CPU
		Release|Any CPU = Release|Any CPU
	EndGlobalSection
	GlobalSection(ProjectConfigurationPlatforms) = postSolution
		{28A4154F-46BD-4E5A-9BE5-2249EFB32EAA}.Debug|Any CPU.ActiveCfg = Debug|Any CPU
		{28A4154F-46BD-4E5A-9BE5-2249EFB32EAA}.Debug|Any CPU.Build.0 = Debug|Any CPU
		{28A4154F-46BD-4E5A-9BE5-2249EFB32EAA}.Release|Any CPU.ActiveCfg = Release|Any CPU
		{28A4154F-46BD-4E5A-9BE5-2249EFB32EAA}.Release|Any CPU.Build.0 = Release|Any CPU
	EndGlobalSection
	GlobalSection(SolutionProperties) = preSolution
		HideSolutionNode = FALSE
	EndGlobalSection
	GlobalSection(ExtensibilityGlobals) = postSolution
		SolutionGuid = {DF77655C-F456-4F94-B2DE-490B8EFEF8C4}
	EndGlobalSection
EndGlobal
